
Microsoft Visual Studio Solution File, Format Version 12.00
# Visual Studio Version 17
VisualStudioVersion = 17.3.32819.101
MinimumVisualStudioVersion = 10.0.40219.1
Project("{FAE04EC0-301F-11D3-BF4B-00C04F79EFBC}") = "MethodOverloadingEX", "MethodOverloadingEX\MethodOverloadingEX.csproj", "{8127D170-957B-4836-9CB2-3223A7C85E0E}"
EndProject
Project("{2150E333-8FDC-42A3-9474-1A3956D46DE8}") = "Solution Items", "Solution Items", "{56874D5E-328A-4F97-863B-75B204D797BC}"
	ProjectSection(SolutionItems) = preProject
		.editorconfig = .editorconfig
	EndProjectSection
EndProject
Global
	GlobalSection(SolutionConfigurationPlatforms) = preSolution
		Debug|Any CPU = Debug|Any CPU
		Release|Any CPU = Release|Any CPU
	EndGlobalSection
	GlobalSection(ProjectConfigurationPlatforms) = postSolution
		{8127D170-957B-4836-9CB2-3223A7C85E0E}.Debug|Any CPU.ActiveCfg = Debug|Any CPU
		{8127D170-957B-4836-9CB2-3223A7C85E0E}.Debug|Any CPU.Build.0 = Debug|Any CPU
		{8127D170-957B-4836-9CB2-3223A7C85E0E}.Release|Any CPU.ActiveCfg = Release|Any CPU
		{8127D170-957B-4836-9CB2-3223A7C85E0E}.Release|Any CPU.Build.0 = Release|Any CPU
	EndGlobalSection
	GlobalSection(SolutionProperties) = preSolution
		HideSolutionNode = FALSE
	EndGlobalSection
	GlobalSection(ExtensibilityGlobals) = postSolution
		SolutionGuid = {124F4667-11A2-4DBC-B48C-A7F2BB5B9965}
	EndGlobalSection
EndGlobal
